
Microsoft Visual Studio Solution File, Format Version 12.00
# Visual Studio 14
VisualStudioVersion = 14.0.25420.1
MinimumVisualStudioVersion = 10.0.40219.1
Project("{FAE04EC0-301F-11D3-BF4B-00C04F79EFBC}") = "Bearlog.Web", "Bearlog.Web\Bearlog.Web.csproj", "{1321FEA3-1B7D-4E9B-9D69-CB61383571F7}"
EndProject
Project("{FAE04EC0-301F-11D3-BF4B-00C04F79EFBC}") = "Bearlog.Web.Tests", "Bearlog.Web.Tests\Bearlog.Web.Tests.csproj", "{FB130B73-B7E6-4278-8435-B32FC7E6046C}"
EndProject
Global
	GlobalSection(SolutionConfigurationPlatforms) = preSolution
		Debug|Any CPU = Debug|Any CPU
		Release|Any CPU = Release|Any CPU
	EndGlobalSection
	GlobalSection(ProjectConfigurationPlatforms) = postSolution
		{1321FEA3-1B7D-4E9B-9D69-CB61383571F7}.Debug|Any CPU.ActiveCfg = Debug|Any CPU
		{1321FEA3-1B7D-4E9B-9D69-CB61383571F7}.Debug|Any CPU.Build.0 = Debug|Any CPU
		{1321FEA3-1B7D-4E9B-9D69-CB61383571F7}.Release|Any CPU.ActiveCfg = Release|Any CPU
		{1321FEA3-1B7D-4E9B-9D69-CB61383571F7}.Release|Any CPU.Build.0 = Release|Any CPU
		{FB130B73-B7E6-4278-8435-B32FC7E6046C}.Debug|Any CPU.ActiveCfg = Debug|Any CPU
		{FB130B73-B7E6-4278-8435-B32FC7E6046C}.Debug|Any CPU.Build.0 = Debug|Any CPU
		{FB130B73-B7E6-4278-8435-B32FC7E6046C}.Release|Any CPU.ActiveCfg = Release|Any CPU
		{FB130B73-B7E6-4278-8435-B32FC7E6046C}.Release|Any CPU.Build.0 = Release|Any CPU
	EndGlobalSection
	GlobalSection(SolutionProperties) = preSolution
		HideSolutionNode = FALSE
	EndGlobalSection
EndGlobal
