
Microsoft Visual Studio Solution File, Format Version 12.00
# Visual Studio 15
VisualStudioVersion = 15.0.28307.489
MinimumVisualStudioVersion = 10.0.40219.1
Project("{FAE04EC0-301F-11D3-BF4B-00C04F79EFBC}") = "StridingSoft", "StridingSoft.Services\StridingSoft.csproj", "{D0686BEF-7462-4EBA-A29B-23762F3CEFA6}"
EndProject
Global
	GlobalSection(SolutionConfigurationPlatforms) = preSolution
		Debug|Any CPU = Debug|Any CPU
		Release|Any CPU = Release|Any CPU
	EndGlobalSection
	GlobalSection(ProjectConfigurationPlatforms) = postSolution
		{D0686BEF-7462-4EBA-A29B-23762F3CEFA6}.Debug|Any CPU.ActiveCfg = Debug|Any CPU
		{D0686BEF-7462-4EBA-A29B-23762F3CEFA6}.Debug|Any CPU.Build.0 = Debug|Any CPU
		{D0686BEF-7462-4EBA-A29B-23762F3CEFA6}.Release|Any CPU.ActiveCfg = Release|Any CPU
		{D0686BEF-7462-4EBA-A29B-23762F3CEFA6}.Release|Any CPU.Build.0 = Release|Any CPU
	EndGlobalSection
	GlobalSection(SolutionProperties) = preSolution
		HideSolutionNode = FALSE
	EndGlobalSection
	GlobalSection(ExtensibilityGlobals) = postSolution
		SolutionGuid = {116B94A7-7668-488B-B094-681F120632E9}
	EndGlobalSection
EndGlobal
